
Microsoft Visual Studio Solution File, Format Version 12.00
# Visual Studio 14
VisualStudioVersion = 14.0.25123.0
MinimumVisualStudioVersion = 10.0.40219.1
Project("{FAE04EC0-301F-11D3-BF4B-00C04F79EFBC}") = "eManager.Domain", "eManager\eManager.Domain.csproj", "{80889350-13C4-401A-97FF-301F254CED02}"
EndProject
Project("{FAE04EC0-301F-11D3-BF4B-00C04F79EFBC}") = "eManager.Web", "eManager.Web\eManager.Web.csproj", "{C6C2B861-71EB-4BE4-A76E-62EC168E6573}"
EndProject
Global
	GlobalSection(SolutionConfigurationPlatforms) = preSolution
		Debug|Any CPU = Debug|Any CPU
		Release|Any CPU = Release|Any CPU
	EndGlobalSection
	GlobalSection(ProjectConfigurationPlatforms) = postSolution
		{80889350-13C4-401A-97FF-301F254CED02}.Debug|Any CPU.ActiveCfg = Debug|Any CPU
		{80889350-13C4-401A-97FF-301F254CED02}.Debug|Any CPU.Build.0 = Debug|Any CPU
		{80889350-13C4-401A-97FF-301F254CED02}.Release|Any CPU.ActiveCfg = Release|Any CPU
		{80889350-13C4-401A-97FF-301F254CED02}.Release|Any CPU.Build.0 = Release|Any CPU
		{C6C2B861-71EB-4BE4-A76E-62EC168E6573}.Debug|Any CPU.ActiveCfg = Debug|Any CPU
		{C6C2B861-71EB-4BE4-A76E-62EC168E6573}.Debug|Any CPU.Build.0 = Debug|Any CPU
		{C6C2B861-71EB-4BE4-A76E-62EC168E6573}.Release|Any CPU.ActiveCfg = Release|Any CPU
		{C6C2B861-71EB-4BE4-A76E-62EC168E6573}.Release|Any CPU.Build.0 = Release|Any CPU
	EndGlobalSection
	GlobalSection(SolutionProperties) = preSolution
		HideSolutionNode = FALSE
	EndGlobalSection
EndGlobal
